
Microsoft Visual Studio Solution File, Format Version 12.00
# Visual Studio 15
VisualStudioVersion = 15.0.27004.2009
MinimumVisualStudioVersion = 10.0.40219.1
Project("{9A19103F-16F7-4668-BE54-9A1E7A4F7556}") = "Product.Web", "Product.Web\Product.Web.csproj", "{E4AC2C96-D9EC-42AD-A307-F33F2B626BAC}"
EndProject
Project("{9A19103F-16F7-4668-BE54-9A1E7A4F7556}") = "Product.Sdk", "Product.Sdk\Product.Sdk.csproj", "{8BD6B617-34AF-4B32-9C08-4401E07E971F}"
EndProject
Project("{9A19103F-16F7-4668-BE54-9A1E7A4F7556}") = "Product.Api", "Product.Api\Product.Api.csproj", "{869B92E4-A368-42AD-92AF-1AD12BC33337}"
EndProject
Project("{9A19103F-16F7-4668-BE54-9A1E7A4F7556}") = "Product.Contracts", "Product.Contracts\Product.Contracts.csproj", "{D084074B-081B-47C2-BD46-429308784DF4}"
EndProject
Project("{9A19103F-16F7-4668-BE54-9A1E7A4F7556}") = "Product.Services", "Product.Services\Product.Services.csproj", "{ECCBC6E2-7DA7-4251-9E0F-329E11082009}"
EndProject
Project("{9A19103F-16F7-4668-BE54-9A1E7A4F7556}") = "Product.Domain", "Product.Domain\Product.Domain.csproj", "{4B6226FE-1146-4DFC-AE67-FC504D653370}"
EndProject
Project("{9A19103F-16F7-4668-BE54-9A1E7A4F7556}") = "Product.Data", "Product.Data\Product.Data.csproj", "{7C180FCA-715D-41E1-BD4D-6CE2A72276F7}"
EndProject
Project("{9A19103F-16F7-4668-BE54-9A1E7A4F7556}") = "Product.Core", "Product.Core\Product.Core.csproj", "{5D3FA7E8-CE07-4979-B33F-B074165C3E45}"
EndProject
Project("{9A19103F-16F7-4668-BE54-9A1E7A4F7556}") = "Product.Common", "Product.Common\Product.Common.csproj", "{142B49C6-36D5-430B-96DA-3CCEEE45F5DA}"
EndProject
Project("{2150E333-8FDC-42A3-9474-1A3956D46DE8}") = "1 - Experience", "1 - Experience", "{9C7DFE80-28B7-44D6-BD96-61CADB24D05D}"
EndProject
Project("{2150E333-8FDC-42A3-9474-1A3956D46DE8}") = "2 - Api", "2 - Api", "{C1BCB8F1-3CF7-43CD-88CC-E7AB8C157063}"
EndProject
Project("{2150E333-8FDC-42A3-9474-1A3956D46DE8}") = "3 - Services", "3 - Services", "{33ACF5D6-011A-4037-A806-B5FC84E091AC}"
EndProject
Project("{2150E333-8FDC-42A3-9474-1A3956D46DE8}") = "4 - Domain", "4 - Domain", "{DC24E7AF-AA1E-4E66-A7C4-87C1FF6CA2AE}"
EndProject
Project("{2150E333-8FDC-42A3-9474-1A3956D46DE8}") = "5 - Data", "5 - Data", "{378B8055-6F70-40FB-8903-201ABE4ECD50}"
EndProject
Project("{2150E333-8FDC-42A3-9474-1A3956D46DE8}") = "6 - Cross-cutting", "6 - Cross-cutting", "{2A09D2F1-C23F-4E81-9ED8-1BEE6F665207}"
EndProject
Project("{FAE04EC0-301F-11D3-BF4B-00C04F79EFBC}") = "Product.Domain.Core", "Product.Domain.Core\Product.Domain.Core.csproj", "{F4A1B45D-9C4F-45B3-B314-0736344E6689}"
EndProject
Global
	GlobalSection(SolutionConfigurationPlatforms) = preSolution
		Debug|Any CPU = Debug|Any CPU
		Release|Any CPU = Release|Any CPU
	EndGlobalSection
	GlobalSection(ProjectConfigurationPlatforms) = postSolution
		{E4AC2C96-D9EC-42AD-A307-F33F2B626BAC}.Debug|Any CPU.ActiveCfg = Debug|Any CPU
		{E4AC2C96-D9EC-42AD-A307-F33F2B626BAC}.Debug|Any CPU.Build.0 = Debug|Any CPU
		{E4AC2C96-D9EC-42AD-A307-F33F2B626BAC}.Release|Any CPU.ActiveCfg = Release|Any CPU
		{E4AC2C96-D9EC-42AD-A307-F33F2B626BAC}.Release|Any CPU.Build.0 = Release|Any CPU
		{8BD6B617-34AF-4B32-9C08-4401E07E971F}.Debug|Any CPU.ActiveCfg = Debug|Any CPU
		{8BD6B617-34AF-4B32-9C08-4401E07E971F}.Debug|Any CPU.Build.0 = Debug|Any CPU
		{8BD6B617-34AF-4B32-9C08-4401E07E971F}.Release|Any CPU.ActiveCfg = Release|Any CPU
		{8BD6B617-34AF-4B32-9C08-4401E07E971F}.Release|Any CPU.Build.0 = Release|Any CPU
		{869B92E4-A368-42AD-92AF-1AD12BC33337}.Debug|Any CPU.ActiveCfg = Debug|Any CPU
		{869B92E4-A368-42AD-92AF-1AD12BC33337}.Debug|Any CPU.Build.0 = Debug|Any CPU
		{869B92E4-A368-42AD-92AF-1AD12BC33337}.Release|Any CPU.ActiveCfg = Release|Any CPU
		{869B92E4-A368-42AD-92AF-1AD12BC33337}.Release|Any CPU.Build.0 = Release|Any CPU
		{D084074B-081B-47C2-BD46-429308784DF4}.Debug|Any CPU.ActiveCfg = Debug|Any CPU
		{D084074B-081B-47C2-BD46-429308784DF4}.Debug|Any CPU.Build.0 = Debug|Any CPU
		{D084074B-081B-47C2-BD46-429308784DF4}.Release|Any CPU.ActiveCfg = Release|Any CPU
		{D084074B-081B-47C2-BD46-429308784DF4}.Release|Any CPU.Build.0 = Release|Any CPU
		{ECCBC6E2-7DA7-4251-9E0F-329E11082009}.Debug|Any CPU.ActiveCfg = Debug|Any CPU
		{ECCBC6E2-7DA7-4251-9E0F-329E11082009}.Debug|Any CPU.Build.0 = Debug|Any CPU
		{ECCBC6E2-7DA7-4251-9E0F-329E11082009}.Release|Any CPU.ActiveCfg = Release|Any CPU
		{ECCBC6E2-7DA7-4251-9E0F-329E11082009}.Release|Any CPU.Build.0 = Release|Any CPU
		{4B6226FE-1146-4DFC-AE67-FC504D653370}.Debug|Any CPU.ActiveCfg = Debug|Any CPU
		{4B6226FE-1146-4DFC-AE67-FC504D653370}.Debug|Any CPU.Build.0 = Debug|Any CPU
		{4B6226FE-1146-4DFC-AE67-FC504D653370}.Release|Any CPU.ActiveCfg = Release|Any CPU
		{4B6226FE-1146-4DFC-AE67-FC504D653370}.Release|Any CPU.Build.0 = Release|Any CPU
		{7C180FCA-715D-41E1-BD4D-6CE2A72276F7}.Debug|Any CPU.ActiveCfg = Debug|Any CPU
		{7C180FCA-715D-41E1-BD4D-6CE2A72276F7}.Debug|Any CPU.Build.0 = Debug|Any CPU
		{7C180FCA-715D-41E1-BD4D-6CE2A72276F7}.Release|Any CPU.ActiveCfg = Release|Any CPU
		{7C180FCA-715D-41E1-BD4D-6CE2A72276F7}.Release|Any CPU.Build.0 = Release|Any CPU
		{5D3FA7E8-CE07-4979-B33F-B074165C3E45}.Debug|Any CPU.ActiveCfg = Debug|Any CPU
		{5D3FA7E8-CE07-4979-B33F-B074165C3E45}.Debug|Any CPU.Build.0 = Debug|Any CPU
		{5D3FA7E8-CE07-4979-B33F-B074165C3E45}.Release|Any CPU.ActiveCfg = Release|Any CPU
		{5D3FA7E8-CE07-4979-B33F-B074165C3E45}.Release|Any CPU.Build.0 = Release|Any CPU
		{142B49C6-36D5-430B-96DA-3CCEEE45F5DA}.Debug|Any CPU.ActiveCfg = Debug|Any CPU
		{142B49C6-36D5-430B-96DA-3CCEEE45F5DA}.Debug|Any CPU.Build.0 = Debug|Any CPU
		{142B49C6-36D5-430B-96DA-3CCEEE45F5DA}.Release|Any CPU.ActiveCfg = Release|Any CPU
		{142B49C6-36D5-430B-96DA-3CCEEE45F5DA}.Release|Any CPU.Build.0 = Release|Any CPU
		{F4A1B45D-9C4F-45B3-B314-0736344E6689}.Debug|Any CPU.ActiveCfg = Debug|Any CPU
		{F4A1B45D-9C4F-45B3-B314-0736344E6689}.Debug|Any CPU.Build.0 = Debug|Any CPU
		{F4A1B45D-9C4F-45B3-B314-0736344E6689}.Release|Any CPU.ActiveCfg = Release|Any CPU
		{F4A1B45D-9C4F-45B3-B314-0736344E6689}.Release|Any CPU.Build.0 = Release|Any CPU
	EndGlobalSection
	GlobalSection(SolutionProperties) = preSolution
		HideSolutionNode = FALSE
	EndGlobalSection
	GlobalSection(NestedProjects) = preSolution
		{E4AC2C96-D9EC-42AD-A307-F33F2B626BAC} = {9C7DFE80-28B7-44D6-BD96-61CADB24D05D}
		{8BD6B617-34AF-4B32-9C08-4401E07E971F} = {C1BCB8F1-3CF7-43CD-88CC-E7AB8C157063}
		{869B92E4-A368-42AD-92AF-1AD12BC33337} = {C1BCB8F1-3CF7-43CD-88CC-E7AB8C157063}
		{D084074B-081B-47C2-BD46-429308784DF4} = {C1BCB8F1-3CF7-43CD-88CC-E7AB8C157063}
		{ECCBC6E2-7DA7-4251-9E0F-329E11082009} = {33ACF5D6-011A-4037-A806-B5FC84E091AC}
		{4B6226FE-1146-4DFC-AE67-FC504D653370} = {DC24E7AF-AA1E-4E66-A7C4-87C1FF6CA2AE}
		{7C180FCA-715D-41E1-BD4D-6CE2A72276F7} = {378B8055-6F70-40FB-8903-201ABE4ECD50}
		{5D3FA7E8-CE07-4979-B33F-B074165C3E45} = {2A09D2F1-C23F-4E81-9ED8-1BEE6F665207}
		{142B49C6-36D5-430B-96DA-3CCEEE45F5DA} = {2A09D2F1-C23F-4E81-9ED8-1BEE6F665207}
		{F4A1B45D-9C4F-45B3-B314-0736344E6689} = {DC24E7AF-AA1E-4E66-A7C4-87C1FF6CA2AE}
	EndGlobalSection
	GlobalSection(ExtensibilityGlobals) = postSolution
		SolutionGuid = {DF2BF0E1-0F8F-4678-9255-C6BADA6D15CA}
	EndGlobalSection
EndGlobal
